
Microsoft Visual Studio Solution File, Format Version 12.00
# Visual Studio Version 17
VisualStudioVersion = 17.4.33213.308
MinimumVisualStudioVersion = 10.0.40219.1
Project("{888888A0-9F3D-457C-B088-3A5042F75D52}") = "x_o", "x_o.pyproj", "{A9485703-8895-4EB8-81C6-BC0331E1C6C2}"
EndProject
Global
	GlobalSection(SolutionConfigurationPlatforms) = preSolution
		Debug|Any CPU = Debug|Any CPU
		Release|Any CPU = Release|Any CPU
	EndGlobalSection
	GlobalSection(ProjectConfigurationPlatforms) = postSolution
		{A9485703-8895-4EB8-81C6-BC0331E1C6C2}.Debug|Any CPU.ActiveCfg = Debug|Any CPU
		{A9485703-8895-4EB8-81C6-BC0331E1C6C2}.Release|Any CPU.ActiveCfg = Release|Any CPU
	EndGlobalSection
	GlobalSection(SolutionProperties) = preSolution
		HideSolutionNode = FALSE
	EndGlobalSection
	GlobalSection(ExtensibilityGlobals) = postSolution
		SolutionGuid = {546C75D3-5EA7-4CD0-A6A3-FEF33C2D930F}
	EndGlobalSection
EndGlobal
